
Microsoft Visual Studio Solution File, Format Version 12.00
# Visual Studio Version 16
VisualStudioVersion = 16.0.30001.183
MinimumVisualStudioVersion = 10.0.40219.1
Project("{FAE04EC0-301F-11D3-BF4B-00C04F79EFBC}") = "HotelDataMapper", "HotelDataMapper\HotelDataMapper.csproj", "{AD4EEFFA-333B-4BFB-8660-DC8E55EC7D12}"
EndProject
Global
	GlobalSection(SolutionConfigurationPlatforms) = preSolution
		Debug|Any CPU = Debug|Any CPU
		Release|Any CPU = Release|Any CPU
	EndGlobalSection
	GlobalSection(ProjectConfigurationPlatforms) = postSolution
		{AD4EEFFA-333B-4BFB-8660-DC8E55EC7D12}.Debug|Any CPU.ActiveCfg = Debug|Any CPU
		{AD4EEFFA-333B-4BFB-8660-DC8E55EC7D12}.Debug|Any CPU.Build.0 = Debug|Any CPU
		{AD4EEFFA-333B-4BFB-8660-DC8E55EC7D12}.Release|Any CPU.ActiveCfg = Release|Any CPU
		{AD4EEFFA-333B-4BFB-8660-DC8E55EC7D12}.Release|Any CPU.Build.0 = Release|Any CPU
	EndGlobalSection
	GlobalSection(SolutionProperties) = preSolution
		HideSolutionNode = FALSE
	EndGlobalSection
	GlobalSection(ExtensibilityGlobals) = postSolution
		SolutionGuid = {36FB1010-1967-4D05-9A79-430A88E948E8}
	EndGlobalSection
EndGlobal
